PODS:
  - GDChannel (0.6.0):
    - MQTTKit (~> 0.1.0)
    - Protobuf (~> 3.0)
  - MQTTKit (0.1.0)
  - Protobuf (3.1.0)

DEPENDENCIES:
  - GDChannel (from `../`)

EXTERNAL SOURCES:
  GDChannel:
    :path: ../

SPEC CHECKSUMS:
  GDChannel: 188843d9ae255227f5a72fcc35ae7d048509682c
  MQTTKit: a4e6b8aa92db1aeae917d2b773fd72a7749937c4
  Protobuf: 265e9977d04a83eba9cefb0bed3ad07e41033b4a

PODFILE CHECKSUM: d43afe03f564aee89085e35ebd1c8d15ec07a300

COCOAPODS: 1.0.1
