PODS:
  - Aspects (1.4.1)
  - GDChannel (0.6.0):
    - Aspects (~> 1.4.1)
    - Mantle (~> 2.0.6)
    - MQTTKit (~> 0.1.0)
  - Mantle (2.0.6):
    - Mantle/extobjc (= 2.0.6)
  - Mantle/extobjc (2.0.6)
  - MQTTKit (0.1.0)

DEPENDENCIES:
  - GDChannel (from `../`)

EXTERNAL SOURCES:
  GDChannel:
    :path: ../

SPEC CHECKSUMS:
  Aspects: 7595ba96a6727a58ebcbfc954497fc5d2fdde546
  GDChannel: 81bb1d279bcd3dec1435f4b774c1018a548f5b0e
  Mantle: 299966b00759634931699f69cb6a30b9239b944d
  MQTTKit: a4e6b8aa92db1aeae917d2b773fd72a7749937c4

PODFILE CHECKSUM: d43afe03f564aee89085e35ebd1c8d15ec07a300

COCOAPODS: 1.0.0
