PODS:
  - GDChannel (0.6.0):
    - MQTTKit (~> 0.1.0)
    - Protobuf (~> 3.0)
  - MQTTKit (0.1.0)
  - Protobuf (3.3.0)

DEPENDENCIES:
  - GDChannel (from `../`)

EXTERNAL SOURCES:
  GDChannel:
    :path: "../"

SPEC CHECKSUMS:
  GDChannel: 8fd65c33feff9cb061e85865ce631f3d59267b34
  MQTTKit: a4e6b8aa92db1aeae917d2b773fd72a7749937c4
  Protobuf: d582fecf68201eac3d79ed61369ef45734394b9c

PODFILE CHECKSUM: d43afe03f564aee89085e35ebd1c8d15ec07a300

COCOAPODS: 1.2.0
