PODS:
  - GDChannel (0.5.5):
    - GDJson (~> 0.5)
    - Google-Diff-Match-Patch (~> 0.0.1)
    - SocketRocket (~> 0.3.1-beta2)
  - GDJson (0.5.5):
    - J2ObjC (~> 0.8)
  - Google-Diff-Match-Patch (0.0.1)
  - J2ObjC (0.9.3):
    - J2ObjC/lib/jre
  - J2ObjC/lib/jre (0.9.3)
  - SocketRocket (0.3.1-beta2)

DEPENDENCIES:
  - GDChannel (from `..`)
  - GDJson (from `https://github.com/goodow/GDJson.git`)
  - J2ObjC (from `https://github.com/goodow/j2objc.git`, tag `v0.9.3-lib`)

EXTERNAL SOURCES:
  GDChannel:
    :path: ..
  GDJson:
    :git: https://github.com/goodow/GDJson.git
  J2ObjC:
    :git: https://github.com/goodow/j2objc.git
    :tag: v0.9.3-lib

SPEC CHECKSUMS:
  GDChannel: fa3a474ec8ffe1b0e4139283edc9196fb23ada02
  GDJson: 425eaa6e2f2df52486ea4e5dcaef8d54061f7eb8
  Google-Diff-Match-Patch: 1f9c0b972c351d9c0a4fee137eb96896460477cd
  J2ObjC: db552552f1694fddaa717ce1284191b9a4c1f193
  SocketRocket: 79a68ae186063c65e1fe6f638b1ae2927aa5f304

COCOAPODS: 0.33.1
