PODS:
  - GDChannel (0.5.5):
    - GDJson (~> 0.5)
    - Google-Diff-Match-Patch (~> 0.0.1)
    - SocketRocket (~> 0.3.1-beta2)
  - GDJson (0.5.5):
    - J2ObjC (~> 0.9)
  - Google-Diff-Match-Patch (0.0.1)
  - J2ObjC (0.9.6.1):
    - J2ObjC/lib/jre (= 0.9.6.1)
  - J2ObjC/lib/jre (0.9.6.1)
  - SocketRocket (0.3.1-beta2)

DEPENDENCIES:
  - GDChannel (from `..`)
  - GDJson (from `https://github.com/goodow/GDJson.git`, commit `afc915`)
  - J2ObjC (from `https://github.com/goodow/j2objc.git`, commit `d6b7ef9`)

EXTERNAL SOURCES:
  GDChannel:
    :path: ..
  GDJson:
    :commit: afc915
    :git: https://github.com/goodow/GDJson.git
  J2ObjC:
    :commit: d6b7ef9
    :git: https://github.com/goodow/j2objc.git

CHECKOUT OPTIONS:
  GDJson:
    :commit: afc915
    :git: https://github.com/goodow/GDJson.git
  J2ObjC:
    :commit: d6b7ef9
    :git: https://github.com/goodow/j2objc.git

SPEC CHECKSUMS:
  GDChannel: ef0725c255f531b8717de6d570bc858ebcd7de18
  GDJson: ce83bceaab949ba14be71c6f877b89b1e37b2735
  Google-Diff-Match-Patch: 1f9c0b972c351d9c0a4fee137eb96896460477cd
  J2ObjC: d771874bd40b4ecd52d08495f8d7e65929e5a428
  SocketRocket: 79a68ae186063c65e1fe6f638b1ae2927aa5f304

COCOAPODS: 0.36.0.rc.1
